
Microsoft Visual Studio Solution File, Format Version 12.00
# Visual Studio 15
VisualStudioVersion = 15.0.28307.168
MinimumVisualStudioVersion = 10.0.40219.1
Project("{8BC9CEB8-8B4A-11D0-8D11-00A0C91BC942}") = "hello world", "hello world\hello world.vcxproj", "{CB57C794-8E02-4B88-B255-23A225D245A9}"
EndProject
Global
	GlobalSection(SolutionConfigurationPlatforms) = preSolution
		Debug|x64 = Debug|x64
		Debug|x86 = Debug|x86
		Release|x64 = Release|x64
		Release|x86 = Release|x86
	EndGlobalSection
	GlobalSection(ProjectConfigurationPlatforms) = postSolution
		{CB57C794-8E02-4B88-B255-23A225D245A9}.Debug|x64.ActiveCfg = Debug|x64
		{CB57C794-8E02-4B88-B255-23A225D245A9}.Debug|x64.Build.0 = Debug|x64
		{CB57C794-8E02-4B88-B255-23A225D245A9}.Debug|x86.ActiveCfg = Debug|Win32
		{CB57C794-8E02-4B88-B255-23A225D245A9}.Debug|x86.Build.0 = Debug|Win32
		{CB57C794-8E02-4B88-B255-23A225D245A9}.Release|x64.ActiveCfg = Release|x64
		{CB57C794-8E02-4B88-B255-23A225D245A9}.Release|x64.Build.0 = Release|x64
		{CB57C794-8E02-4B88-B255-23A225D245A9}.Release|x86.ActiveCfg = Release|Win32
		{CB57C794-8E02-4B88-B255-23A225D245A9}.Release|x86.Build.0 = Release|Win32
	EndGlobalSection
	GlobalSection(SolutionProperties) = preSolution
		HideSolutionNode = FALSE
	EndGlobalSection
	GlobalSection(ExtensibilityGlobals) = postSolution
		SolutionGuid = {32E97517-4858-4024-91AD-652B7CB18536}
	EndGlobalSection
EndGlobal
